
Microsoft Visual Studio Solution File, Format Version 12.00
# Visual Studio Version 17
VisualStudioVersion = 17.5.33627.172
MinimumVisualStudioVersion = 10.0.40219.1
Project("{2150E333-8FDC-42A3-9474-1A3956D46DE8}") = "Tapooti.Presentation", "Tapooti.Presentation", "{D1D78B6B-E1B2-4DC8-8617-D38BCC62550F}"
EndProject
Project("{2150E333-8FDC-42A3-9474-1A3956D46DE8}") = "Tapooti.Infrastructure", "Tapooti.Infrastructure", "{25929864-18EB-454E-A2E8-ACDC71247ECB}"
EndProject
Project("{9A19103F-16F7-4668-BE54-9A1E7A4F7556}") = "0_Framework", "0_Framework\0_Framework.csproj", "{976070B7-17D1-4ED9-A03C-0DE2EEC10DC1}"
EndProject
Project("{9A19103F-16F7-4668-BE54-9A1E7A4F7556}") = "Tapooti.API", "Tapooti.API\Tapooti.API.csproj", "{CEF23A01-24E3-40CE-A521-E701F7CEE3CA}"
EndProject
Project("{2150E333-8FDC-42A3-9474-1A3956D46DE8}") = "AccountManagement", "AccountManagement", "{0967F9A9-F106-4338-859C-E90D9CCB392A}"
EndProject
Project("{2150E333-8FDC-42A3-9474-1A3956D46DE8}") = "AM.Application", "AM.Application", "{6AEB3D4C-FB6F-4D9B-9A3A-6AC3A7AE3B2F}"
EndProject
Project("{2150E333-8FDC-42A3-9474-1A3956D46DE8}") = "AM.Domain", "AM.Domain", "{FB86B005-6F44-44DF-8D97-52312E2739D4}"
EndProject
Project("{2150E333-8FDC-42A3-9474-1A3956D46DE8}") = "AM.Infrastructure", "AM.Infrastructure", "{0B96B111-6FBC-4B35-B95A-E98549B26545}"
EndProject
Project("{9A19103F-16F7-4668-BE54-9A1E7A4F7556}") = "AccountManagement.Configuration", "AccountManagement.Configuration\AccountManagement.Configuration.csproj", "{48B8E2F6-C282-4946-A37D-B8A4F5DDCCE3}"
EndProject
Project("{9A19103F-16F7-4668-BE54-9A1E7A4F7556}") = "AccountManagement.Infrastructure.EFCore", "AccountManagement.Infrastructure.EFCore\AccountManagement.Infrastructure.EFCore.csproj", "{A79A4DBC-B501-499E-BC07-3A98935F5949}"
EndProject
Project("{9A19103F-16F7-4668-BE54-9A1E7A4F7556}") = "AccountManagment.Domain", "AccountManagment.Domain\AccountManagment.Domain.csproj", "{3A3BC5B9-01B2-4820-AE8A-74FFA5D28FB4}"
EndProject
Project("{9A19103F-16F7-4668-BE54-9A1E7A4F7556}") = "AccountManagment.Application", "AccountManagment.Application\AccountManagment.Application.csproj", "{A28B75A0-D94F-431A-AE56-E528501CC10B}"
EndProject
Project("{9A19103F-16F7-4668-BE54-9A1E7A4F7556}") = "AccountManagment.Application.Contracts", "AccountManagment.Application.Contracts\AccountManagment.Application.Contracts.csproj", "{46DA5FD9-D5BD-48D4-BB3D-EDBC0D4441D3}"
EndProject
Project("{2150E333-8FDC-42A3-9474-1A3956D46DE8}") = "API", "API", "{25516DB5-1911-493C-A8D4-0F8CA4A2FB01}"
EndProject
Project("{2150E333-8FDC-42A3-9474-1A3956D46DE8}") = "ShopManagement", "ShopManagement", "{6F2ABDD1-6C9A-465B-A89D-C34C2DFE7472}"
EndProject
Project("{2150E333-8FDC-42A3-9474-1A3956D46DE8}") = "SM.Application", "SM.Application", "{55DF509A-384A-42EB-B610-BA4D2BAE127A}"
EndProject
Project("{2150E333-8FDC-42A3-9474-1A3956D46DE8}") = "SM.Domain", "SM.Domain", "{9303583C-2A7D-45E3-92ED-B38E3236C114}"
EndProject
Project("{2150E333-8FDC-42A3-9474-1A3956D46DE8}") = "SM.Infrastructure", "SM.Infrastructure", "{40BD12BF-C8DE-45DA-AB8A-10EEB9BD86F8}"
EndProject
Project("{9A19103F-16F7-4668-BE54-9A1E7A4F7556}") = "ShopManagment.Application", "ShopManagment.Application\ShopManagment.Application.csproj", "{FC3B6D95-0CCD-448A-9E5A-9A0BDE1D0401}"
EndProject
Project("{9A19103F-16F7-4668-BE54-9A1E7A4F7556}") = "ShopManagment.Application.Contracts", "ShopManagment.Application.Contracts\ShopManagment.Application.Contracts.csproj", "{081FFF5A-B5CA-4C2B-8164-F9B489022E85}"
EndProject
Project("{9A19103F-16F7-4668-BE54-9A1E7A4F7556}") = "ShopManagment.Domain", "ShopManagment.Domain\ShopManagment.Domain.csproj", "{276D1FFA-F7C4-4CF2-A5A8-5042BA580556}"
EndProject
Project("{9A19103F-16F7-4668-BE54-9A1E7A4F7556}") = "ShopManagment.Configuration", "ShopManagment.Configuration\ShopManagment.Configuration.csproj", "{8140469B-BF7E-45C7-91A3-37E23C24CA62}"
EndProject
Project("{9A19103F-16F7-4668-BE54-9A1E7A4F7556}") = "ShopManagment.Infrastructure.EFCore", "ShopManagment.Infrastructure.EFCore\ShopManagment.Infrastructure.EFCore.csproj", "{FFC9A09B-CDD0-4E74-AFDE-5A71B5B01933}"
EndProject
Project("{2150E333-8FDC-42A3-9474-1A3956D46DE8}") = "FileManagement", "FileManagement", "{01C81E7E-E815-45C5-90CA-479A21F42DD9}"
EndProject
Project("{2150E333-8FDC-42A3-9474-1A3956D46DE8}") = "FM.Application", "FM.Application", "{E9CE239E-5043-461B-981B-964A4AA540A9}"
EndProject
Project("{2150E333-8FDC-42A3-9474-1A3956D46DE8}") = "FM.Infrastructure", "FM.Infrastructure", "{40677CE7-38D6-4424-B5E0-1B45A8EBF84B}"
EndProject
Project("{2150E333-8FDC-42A3-9474-1A3956D46DE8}") = "FM.Domain", "FM.Domain", "{CA30136C-18AA-46BF-873D-B76F1E678A1B}"
EndProject
Project("{9A19103F-16F7-4668-BE54-9A1E7A4F7556}") = "FileManagement.Domain", "FileManagement.Domain\FileManagement.Domain.csproj", "{2182FBE1-C781-4315-A5EF-607F68E29E48}"
EndProject
Project("{9A19103F-16F7-4668-BE54-9A1E7A4F7556}") = "FileManagement.Infrastructure.EFCore", "FileManagement.Infrastructure.EFCore\FileManagement.Infrastructure.EFCore.csproj", "{72FE61E8-E215-41F6-A0C5-64059AF8984D}"
EndProject
Project("{9A19103F-16F7-4668-BE54-9A1E7A4F7556}") = "FileManagement.Configuration", "FileManagement.Configuration\FileManagement.Configuration.csproj", "{C9C7C3E4-001E-4236-940F-64175373D4D2}"
EndProject
Project("{9A19103F-16F7-4668-BE54-9A1E7A4F7556}") = "FileManagement.Application", "FileManagement.Application\FileManagement.Application.csproj", "{B574E8EE-D015-48E0-9CEA-1C09D403D3DF}"
EndProject
Project("{9A19103F-16F7-4668-BE54-9A1E7A4F7556}") = "FileManagement.Application.Contracts", "FileManagement.Application.Contracts\FileManagement.Application.Contracts.csproj", "{A2AD6F3F-DD15-4172-9BB0-F7EC7A6EE2EF}"
EndProject
Global
	GlobalSection(SolutionConfigurationPlatforms) = preSolution
		Debug|Any CPU = Debug|Any CPU
		Release|Any CPU = Release|Any CPU
	EndGlobalSection
	GlobalSection(ProjectConfigurationPlatforms) = postSolution
		{976070B7-17D1-4ED9-A03C-0DE2EEC10DC1}.Debug|Any CPU.ActiveCfg = Debug|Any CPU
		{976070B7-17D1-4ED9-A03C-0DE2EEC10DC1}.Debug|Any CPU.Build.0 = Debug|Any CPU
		{976070B7-17D1-4ED9-A03C-0DE2EEC10DC1}.Release|Any CPU.ActiveCfg = Release|Any CPU
		{976070B7-17D1-4ED9-A03C-0DE2EEC10DC1}.Release|Any CPU.Build.0 = Release|Any CPU
		{CEF23A01-24E3-40CE-A521-E701F7CEE3CA}.Debug|Any CPU.ActiveCfg = Debug|Any CPU
		{CEF23A01-24E3-40CE-A521-E701F7CEE3CA}.Debug|Any CPU.Build.0 = Debug|Any CPU
		{CEF23A01-24E3-40CE-A521-E701F7CEE3CA}.Release|Any CPU.ActiveCfg = Release|Any CPU
		{CEF23A01-24E3-40CE-A521-E701F7CEE3CA}.Release|Any CPU.Build.0 = Release|Any CPU
		{48B8E2F6-C282-4946-A37D-B8A4F5DDCCE3}.Debug|Any CPU.ActiveCfg = Debug|Any CPU
		{48B8E2F6-C282-4946-A37D-B8A4F5DDCCE3}.Debug|Any CPU.Build.0 = Debug|Any CPU
		{48B8E2F6-C282-4946-A37D-B8A4F5DDCCE3}.Release|Any CPU.ActiveCfg = Release|Any CPU
		{48B8E2F6-C282-4946-A37D-B8A4F5DDCCE3}.Release|Any CPU.Build.0 = Release|Any CPU
		{A79A4DBC-B501-499E-BC07-3A98935F5949}.Debug|Any CPU.ActiveCfg = Debug|Any CPU
		{A79A4DBC-B501-499E-BC07-3A98935F5949}.Debug|Any CPU.Build.0 = Debug|Any CPU
		{A79A4DBC-B501-499E-BC07-3A98935F5949}.Release|Any CPU.ActiveCfg = Release|Any CPU
		{A79A4DBC-B501-499E-BC07-3A98935F5949}.Release|Any CPU.Build.0 = Release|Any CPU
		{3A3BC5B9-01B2-4820-AE8A-74FFA5D28FB4}.Debug|Any CPU.ActiveCfg = Debug|Any CPU
		{3A3BC5B9-01B2-4820-AE8A-74FFA5D28FB4}.Debug|Any CPU.Build.0 = Debug|Any CPU
		{3A3BC5B9-01B2-4820-AE8A-74FFA5D28FB4}.Release|Any CPU.ActiveCfg = Release|Any CPU
		{3A3BC5B9-01B2-4820-AE8A-74FFA5D28FB4}.Release|Any CPU.Build.0 = Release|Any CPU
		{A28B75A0-D94F-431A-AE56-E528501CC10B}.Debug|Any CPU.ActiveCfg = Debug|Any CPU
		{A28B75A0-D94F-431A-AE56-E528501CC10B}.Debug|Any CPU.Build.0 = Debug|Any CPU
		{A28B75A0-D94F-431A-AE56-E528501CC10B}.Release|Any CPU.ActiveCfg = Release|Any CPU
		{A28B75A0-D94F-431A-AE56-E528501CC10B}.Release|Any CPU.Build.0 = Release|Any CPU
		{46DA5FD9-D5BD-48D4-BB3D-EDBC0D4441D3}.Debug|Any CPU.ActiveCfg = Debug|Any CPU
		{46DA5FD9-D5BD-48D4-BB3D-EDBC0D4441D3}.Debug|Any CPU.Build.0 = Debug|Any CPU
		{46DA5FD9-D5BD-48D4-BB3D-EDBC0D4441D3}.Release|Any CPU.ActiveCfg = Release|Any CPU
		{46DA5FD9-D5BD-48D4-BB3D-EDBC0D4441D3}.Release|Any CPU.Build.0 = Release|Any CPU
		{FC3B6D95-0CCD-448A-9E5A-9A0BDE1D0401}.Debug|Any CPU.ActiveCfg = Debug|Any CPU
		{FC3B6D95-0CCD-448A-9E5A-9A0BDE1D0401}.Debug|Any CPU.Build.0 = Debug|Any CPU
		{FC3B6D95-0CCD-448A-9E5A-9A0BDE1D0401}.Release|Any CPU.ActiveCfg = Release|Any CPU
		{FC3B6D95-0CCD-448A-9E5A-9A0BDE1D0401}.Release|Any CPU.Build.0 = Release|Any CPU
		{081FFF5A-B5CA-4C2B-8164-F9B489022E85}.Debug|Any CPU.ActiveCfg = Debug|Any CPU
		{081FFF5A-B5CA-4C2B-8164-F9B489022E85}.Debug|Any CPU.Build.0 = Debug|Any CPU
		{081FFF5A-B5CA-4C2B-8164-F9B489022E85}.Release|Any CPU.ActiveCfg = Release|Any CPU
		{081FFF5A-B5CA-4C2B-8164-F9B489022E85}.Release|Any CPU.Build.0 = Release|Any CPU
		{276D1FFA-F7C4-4CF2-A5A8-5042BA580556}.Debug|Any CPU.ActiveCfg = Debug|Any CPU
		{276D1FFA-F7C4-4CF2-A5A8-5042BA580556}.Debug|Any CPU.Build.0 = Debug|Any CPU
		{276D1FFA-F7C4-4CF2-A5A8-5042BA580556}.Release|Any CPU.ActiveCfg = Release|Any CPU
		{276D1FFA-F7C4-4CF2-A5A8-5042BA580556}.Release|Any CPU.Build.0 = Release|Any CPU
		{8140469B-BF7E-45C7-91A3-37E23C24CA62}.Debug|Any CPU.ActiveCfg = Debug|Any CPU
		{8140469B-BF7E-45C7-91A3-37E23C24CA62}.Debug|Any CPU.Build.0 = Debug|Any CPU
		{8140469B-BF7E-45C7-91A3-37E23C24CA62}.Release|Any CPU.ActiveCfg = Release|Any CPU
		{8140469B-BF7E-45C7-91A3-37E23C24CA62}.Release|Any CPU.Build.0 = Release|Any CPU
		{FFC9A09B-CDD0-4E74-AFDE-5A71B5B01933}.Debug|Any CPU.ActiveCfg = Debug|Any CPU
		{FFC9A09B-CDD0-4E74-AFDE-5A71B5B01933}.Debug|Any CPU.Build.0 = Debug|Any CPU
		{FFC9A09B-CDD0-4E74-AFDE-5A71B5B01933}.Release|Any CPU.ActiveCfg = Release|Any CPU
		{FFC9A09B-CDD0-4E74-AFDE-5A71B5B01933}.Release|Any CPU.Build.0 = Release|Any CPU
		{2182FBE1-C781-4315-A5EF-607F68E29E48}.Debug|Any CPU.ActiveCfg = Debug|Any CPU
		{2182FBE1-C781-4315-A5EF-607F68E29E48}.Debug|Any CPU.Build.0 = Debug|Any CPU
		{2182FBE1-C781-4315-A5EF-607F68E29E48}.Release|Any CPU.ActiveCfg = Release|Any CPU
		{2182FBE1-C781-4315-A5EF-607F68E29E48}.Release|Any CPU.Build.0 = Release|Any CPU
		{72FE61E8-E215-41F6-A0C5-64059AF8984D}.Debug|Any CPU.ActiveCfg = Debug|Any CPU
		{72FE61E8-E215-41F6-A0C5-64059AF8984D}.Debug|Any CPU.Build.0 = Debug|Any CPU
		{72FE61E8-E215-41F6-A0C5-64059AF8984D}.Release|Any CPU.ActiveCfg = Release|Any CPU
		{72FE61E8-E215-41F6-A0C5-64059AF8984D}.Release|Any CPU.Build.0 = Release|Any CPU
		{C9C7C3E4-001E-4236-940F-64175373D4D2}.Debug|Any CPU.ActiveCfg = Debug|Any CPU
		{C9C7C3E4-001E-4236-940F-64175373D4D2}.Debug|Any CPU.Build.0 = Debug|Any CPU
		{C9C7C3E4-001E-4236-940F-64175373D4D2}.Release|Any CPU.ActiveCfg = Release|Any CPU
		{C9C7C3E4-001E-4236-940F-64175373D4D2}.Release|Any CPU.Build.0 = Release|Any CPU
		{B574E8EE-D015-48E0-9CEA-1C09D403D3DF}.Debug|Any CPU.ActiveCfg = Debug|Any CPU
		{B574E8EE-D015-48E0-9CEA-1C09D403D3DF}.Debug|Any CPU.Build.0 = Debug|Any CPU
		{B574E8EE-D015-48E0-9CEA-1C09D403D3DF}.Release|Any CPU.ActiveCfg = Release|Any CPU
		{B574E8EE-D015-48E0-9CEA-1C09D403D3DF}.Release|Any CPU.Build.0 = Release|Any CPU
		{A2AD6F3F-DD15-4172-9BB0-F7EC7A6EE2EF}.Debug|Any CPU.ActiveCfg = Debug|Any CPU
		{A2AD6F3F-DD15-4172-9BB0-F7EC7A6EE2EF}.Debug|Any CPU.Build.0 = Debug|Any CPU
		{A2AD6F3F-DD15-4172-9BB0-F7EC7A6EE2EF}.Release|Any CPU.ActiveCfg = Release|Any CPU
		{A2AD6F3F-DD15-4172-9BB0-F7EC7A6EE2EF}.Release|Any CPU.Build.0 = Release|Any CPU
	EndGlobalSection
	GlobalSection(SolutionProperties) = preSolution
		HideSolutionNode = FALSE
	EndGlobalSection
	GlobalSection(NestedProjects) = preSolution
		{CEF23A01-24E3-40CE-A521-E701F7CEE3CA} = {25516DB5-1911-493C-A8D4-0F8CA4A2FB01}
		{0967F9A9-F106-4338-859C-E90D9CCB392A} = {25929864-18EB-454E-A2E8-ACDC71247ECB}
		{6AEB3D4C-FB6F-4D9B-9A3A-6AC3A7AE3B2F} = {0967F9A9-F106-4338-859C-E90D9CCB392A}
		{FB86B005-6F44-44DF-8D97-52312E2739D4} = {0967F9A9-F106-4338-859C-E90D9CCB392A}
		{0B96B111-6FBC-4B35-B95A-E98549B26545} = {0967F9A9-F106-4338-859C-E90D9CCB392A}
		{48B8E2F6-C282-4946-A37D-B8A4F5DDCCE3} = {0B96B111-6FBC-4B35-B95A-E98549B26545}
		{A79A4DBC-B501-499E-BC07-3A98935F5949} = {0B96B111-6FBC-4B35-B95A-E98549B26545}
		{3A3BC5B9-01B2-4820-AE8A-74FFA5D28FB4} = {FB86B005-6F44-44DF-8D97-52312E2739D4}
		{A28B75A0-D94F-431A-AE56-E528501CC10B} = {6AEB3D4C-FB6F-4D9B-9A3A-6AC3A7AE3B2F}
		{46DA5FD9-D5BD-48D4-BB3D-EDBC0D4441D3} = {6AEB3D4C-FB6F-4D9B-9A3A-6AC3A7AE3B2F}
		{25516DB5-1911-493C-A8D4-0F8CA4A2FB01} = {D1D78B6B-E1B2-4DC8-8617-D38BCC62550F}
		{6F2ABDD1-6C9A-465B-A89D-C34C2DFE7472} = {25929864-18EB-454E-A2E8-ACDC71247ECB}
		{55DF509A-384A-42EB-B610-BA4D2BAE127A} = {6F2ABDD1-6C9A-465B-A89D-C34C2DFE7472}
		{9303583C-2A7D-45E3-92ED-B38E3236C114} = {6F2ABDD1-6C9A-465B-A89D-C34C2DFE7472}
		{40BD12BF-C8DE-45DA-AB8A-10EEB9BD86F8} = {6F2ABDD1-6C9A-465B-A89D-C34C2DFE7472}
		{FC3B6D95-0CCD-448A-9E5A-9A0BDE1D0401} = {55DF509A-384A-42EB-B610-BA4D2BAE127A}
		{081FFF5A-B5CA-4C2B-8164-F9B489022E85} = {55DF509A-384A-42EB-B610-BA4D2BAE127A}
		{276D1FFA-F7C4-4CF2-A5A8-5042BA580556} = {9303583C-2A7D-45E3-92ED-B38E3236C114}
		{8140469B-BF7E-45C7-91A3-37E23C24CA62} = {40BD12BF-C8DE-45DA-AB8A-10EEB9BD86F8}
		{FFC9A09B-CDD0-4E74-AFDE-5A71B5B01933} = {40BD12BF-C8DE-45DA-AB8A-10EEB9BD86F8}
		{01C81E7E-E815-45C5-90CA-479A21F42DD9} = {25929864-18EB-454E-A2E8-ACDC71247ECB}
		{E9CE239E-5043-461B-981B-964A4AA540A9} = {01C81E7E-E815-45C5-90CA-479A21F42DD9}
		{40677CE7-38D6-4424-B5E0-1B45A8EBF84B} = {01C81E7E-E815-45C5-90CA-479A21F42DD9}
		{CA30136C-18AA-46BF-873D-B76F1E678A1B} = {01C81E7E-E815-45C5-90CA-479A21F42DD9}
		{2182FBE1-C781-4315-A5EF-607F68E29E48} = {CA30136C-18AA-46BF-873D-B76F1E678A1B}
		{72FE61E8-E215-41F6-A0C5-64059AF8984D} = {40677CE7-38D6-4424-B5E0-1B45A8EBF84B}
		{C9C7C3E4-001E-4236-940F-64175373D4D2} = {40677CE7-38D6-4424-B5E0-1B45A8EBF84B}
		{B574E8EE-D015-48E0-9CEA-1C09D403D3DF} = {E9CE239E-5043-461B-981B-964A4AA540A9}
		{A2AD6F3F-DD15-4172-9BB0-F7EC7A6EE2EF} = {E9CE239E-5043-461B-981B-964A4AA540A9}
	EndGlobalSection
	GlobalSection(ExtensibilityGlobals) = postSolution
		SolutionGuid = {796A16A2-E0F5-4BCD-B055-765C90C71627}
	EndGlobalSection
EndGlobal
